github.com/golang/glog v1.1.2 h1:DVjP2PbBOzHyzA+dn3WhHIq4NdVu3Q+pvivFICf/7fo=
github.com/golang/glog v1.1.2/go.mod h1:zR+okUeTbrL6EL3xHUDxZuEtGv04p5shwip1+mL/rLQ=
github.com/gopherjs/gopherjs v1.17.2 h1:fQnZVsXk8uxXIStYb0N4bGk7jeyTalG/wsZjQ25dO0g=
github.com/gopherjs/gopherjs v1.17.2/go.mod h1:pRRIvn/QzFLrKfvEz3qUuEhtE/zLCWfreZ6J5gM2i+k=
github.com/gopherjs/jquery v0.0.0-20191017083323-73f4c7416038 h1:/gx6joY4PjXUu6mKM4yx7yj9Ti6yP8ljOxY/Qt0J25g=
github.com/gopherjs/jquery v0.0.0-20191017083323-73f4c7416038/go.mod h1:xKR3tvLne+vYYPH9d4DM8X9MKlNV2yXDEomxulcK218=
github.com/gotk3/gotk3 v0.6.2 h1:sx/PjaKfKULJPTPq8p2kn2ZbcNFxpOJqi4VLzMbEOO8=
github.com/gotk3/gotk3 v0.6.2/go.mod h1:/hqFpkNa9T3JgNAE2fLvCdov7c5bw//FHNZrZ3Uv9/Q=
github.com/pkg/errors v0.9.1 h1:FEBLx1zS214owpjy7qsBeixbURkuhQAwrK5UwLGTwt4=
github.com/pkg/errors v0.9.1/go.mod h1:bwawxfHBFNV+L2hUp1rHADufV3IMtnDRdf1r5NINEl0=
